{
  "nodes": {
    "flake-parts": {
      "inputs": {
        "nixpkgs-lib": "nixpkgs-lib"
      },
      "locked": {
        "lastModified": 1719994518,
        "narHash": "sha256-pQMhCCHyQGRzdfAkdJ4cIWiw+JNuWsTX7f0ZYSyz0VY=",
        "owner": "hercules-ci",
        "repo": "flake-parts",
        "rev": "9227223f6d922fee3c7b190b2cc238a99527bbb7",
        "type": "github"
      },
      "original": {
        "owner": "hercules-ci",
        "repo": "flake-parts",
        "type": "github"
      }
    },
    "lexical": {
      "inputs": {
        "flake-parts": "flake-parts",
        "nixpkgs": "nixpkgs",
        "systems": "systems"
      },
      "locked": {
        "lastModified": 1735926186,
        "narHash": "sha256-FzURIHhuB00In4rOxWcZAmG1BXCUqJVAH5E68WJzm5g=",
        "owner": "lexical-lsp",
        "repo": "lexical",
        "rev": "8771ec21f1b537361b9705633dc8453430da225e",
        "type": "github"
      },
      "original": {
        "owner": "lexical-lsp",
        "ref": "support_1_18",
        "repo": "lexical",
        "type": "github"
      }
    },
    "mix2nix": {
      "inputs": {
        "nixpkgs": "nixpkgs_2"
      },
      "locked": {
        "lastModified": 1738851559,
        "narHash": "sha256-wZ5KMH1dOA1Y/VA4XglNyyU0subLswWtG6hkJqjGOxo=",
        "owner": "Makesesama",
        "repo": "mix2nix",
        "rev": "f068d89f34c5dbd9c4d9506da55e14e91b827736",
        "type": "github"
      },
      "original": {
        "owner": "Makesesama",
        "repo": "mix2nix",
        "type": "github"
      }
    },
    "nixpkgs": {
      "locked": {
        "lastModified": 1719931832,
        "narHash": "sha256-0LD+KePCKKEb4CcPsTBOwf019wDtZJanjoKm1S8q3Do=",
        "owner": "NixOS",
        "repo": "nixpkgs",
        "rev": "0aeab749216e4c073cece5d34bc01b79e717c3e0",
        "type": "github"
      },
      "original": {
        "id": "nixpkgs",
        "type": "indirect"
      }
    },
    "nixpkgs-lib": {
      "locked": {
        "lastModified": 1719876945,
        "narHash": "sha256-Fm2rDDs86sHy0/1jxTOKB1118Q0O3Uc7EC0iXvXKpbI=",
        "type": "tarball",
        "url": "https://github.com/NixOS/nixpkgs/archive/5daf0514482af3f97abaefc78a6606365c9108e2.tar.gz"
      },
      "original": {
        "type": "tarball",
        "url": "https://github.com/NixOS/nixpkgs/archive/5daf0514482af3f97abaefc78a6606365c9108e2.tar.gz"
      }
    },
    "nixpkgs_2": {
      "locked": {
        "lastModified": 1724316499,
        "narHash": "sha256-Qb9MhKBUTCfWg/wqqaxt89Xfi6qTD3XpTzQ9eXi3JmE=",
        "owner": "NixOS",
        "repo": "nixpkgs",
        "rev": "797f7dc49e0bc7fab4b57c021cdf68f595e47841",
        "type": "github"
      },
      "original": {
        "id": "nixpkgs",
        "ref": "nixos-24.05",
        "type": "indirect"
      }
    },
    "nixpkgs_3": {
      "locked": {
        "lastModified": 1736200483,
        "narHash": "sha256-JO+lFN2HsCwSLMUWXHeOad6QUxOuwe9UOAF/iSl1J4I=",
        "owner": "NixOS",
        "repo": "nixpkgs",
        "rev": "3f0a8ac25fb674611b98089ca3a5dd6480175751",
        "type": "github"
      },
      "original": {
        "owner": "NixOS",
        "ref": "nixos-24.11",
        "repo": "nixpkgs",
        "type": "github"
      }
    },
    "nixpkgs_4": {
      "locked": {
        "lastModified": 1735554305,
        "narHash": "sha256-zExSA1i/b+1NMRhGGLtNfFGXgLtgo+dcuzHzaWA6w3Q=",
        "owner": "nixos",
        "repo": "nixpkgs",
        "rev": "0e82ab234249d8eee3e8c91437802b32c74bb3fd",
        "type": "github"
      },
      "original": {
        "owner": "nixos",
        "ref": "nixpkgs-unstable",
        "repo": "nixpkgs",
        "type": "github"
      }
    },
    "root": {
      "inputs": {
        "lexical": "lexical",
        "mix2nix": "mix2nix",
        "nixpkgs": "nixpkgs_3",
        "treefmt-nix": "treefmt-nix"
      }
    },
    "systems": {
      "locked": {
        "lastModified": 1681028828,
        "narHash": "sha256-Vy1rq5AaRuLzOxct8nz4T6wlgyUR7zLU309k9mBC768=",
        "owner": "nix-systems",
        "repo": "default",
        "rev": "da67096a3b9bf56a91d16901293e51ba5b49a27e",
        "type": "github"
      },
      "original": {
        "owner": "nix-systems",
        "repo": "default",
        "type": "github"
      }
    },
    "treefmt-nix": {
      "inputs": {
        "nixpkgs": "nixpkgs_4"
      },
      "locked": {
        "lastModified": 1738680491,
        "narHash": "sha256-8X7tR3kFGkE7WEF5EXVkt4apgaN85oHZdoTGutCFs6I=",
        "owner": "numtide",
        "repo": "treefmt-nix",
        "rev": "64dbb922d51a42c0ced6a7668ca008dded61c483",
        "type": "github"
      },
      "original": {
        "owner": "numtide",
        "repo": "treefmt-nix",
        "type": "github"
      }
    }
  },
  "root": "root",
  "version": 7
}
